// !$*UTF8*$!
{
	archiveVersion = 1;
	classes = {};
	objectVersion = 77;
	objects = {

/* Begin PBXBuildFile section */
		AA0000000000000000000101 /* EquityRadarLauncher.swift in Sources */ = {isa = PBXBuildFile; fileRef = AA0000000000000000000001 /* EquityRadarLauncher.swift */; };
		AA0000000000000000000102 /* EquityRadarWidgetSupport.swift in Sources */ = {isa = PBXBuildFile; fileRef = AA0000000000000000000002 /* EquityRadarWidgetSupport.swift */; };
		AA0000000000000000000103 /* EquityRadarWidgetIntents.swift in Sources */ = {isa = PBXBuildFile; fileRef = AA0000000000000000000003 /* EquityRadarWidgetIntents.swift */; };
		AA0000000000000000000104 /* EquityRadarWidget.swift in Sources */ = {isa = PBXBuildFile; fileRef = AA0000000000000000000004 /* EquityRadarWidget.swift */; };
		AA0000000000000000000105 /* EquityRadarWidgetSupport.swift in Sources */ = {isa = PBXBuildFile; fileRef = AA0000000000000000000002 /* EquityRadarWidgetSupport.swift */; };
		AA0000000000000000000106 /* EquityRadarWidgetIntents.swift in Sources */ = {isa = PBXBuildFile; fileRef = AA0000000000000000000003 /* EquityRadarWidgetIntents.swift */; };
		AA0000000000000000000107 /* equity-radar-control.zsh in Resources */ = {isa = PBXBuildFile; fileRef = AA0000000000000000000009 /* equity-radar-control.zsh */; };
		AA0000000000000000000108 /* EquityRadar.icns in Resources */ = {isa = PBXBuildFile; fileRef = AA000000000000000000000A /* EquityRadar.icns */; };
		AA0000000000000000000109 /* EquityRadarWidgetExtension.appex in Embed App Extensions */ = {isa = PBXBuildFile; fileRef = AA0000000000000000000021 /* EquityRadarWidgetExtension.appex */; settings = {ATTRIBUTES = (RemoveHeadersOnCopy, ); }; };
/* End PBXBuildFile section */

/* Begin PBXContainerItemProxy section */
		AA0000000000000000000201 /* PBXContainerItemProxy */ = {
			isa = PBXContainerItemProxy;
			containerPortal = AA0000000000000000000040 /* Project object */;
			proxyType = 1;
			remoteGlobalIDString = AA0000000000000000000031;
			remoteInfo = EquityRadarWidgetExtension;
		};
/* End PBXContainerItemProxy section */

/* Begin PBXCopyFilesBuildPhase section */
		AA0000000000000000000501 /* Embed App Extensions */ = {
			isa = PBXCopyFilesBuildPhase;
			buildActionMask = 2147483647;
			dstPath = "";
			dstSubfolderSpec = 13;
			files = (
				AA0000000000000000000109 /* EquityRadarWidgetExtension.appex in Embed App Extensions */,
			);
			name = "Embed App Extensions";
			runOnlyForDeploymentPostprocessing = 0;
		};
/* End PBXCopyFilesBuildPhase section */

/* Begin PBXFileReference section */
		AA0000000000000000000001 /* EquityRadarLauncher.swift */ = {isa = PBXFileReference; lastKnownFileType = sourcecode.swift; path = EquityRadarLauncher.swift; sourceTree = SOURCE_ROOT; };
		AA0000000000000000000002 /* EquityRadarWidgetSupport.swift */ = {isa = PBXFileReference; lastKnownFileType = sourcecode.swift; path = EquityRadarWidgetSupport.swift; sourceTree = SOURCE_ROOT; };
		AA0000000000000000000003 /* EquityRadarWidgetIntents.swift */ = {isa = PBXFileReference; lastKnownFileType = sourcecode.swift; path = EquityRadarWidgetIntents.swift; sourceTree = SOURCE_ROOT; };
		AA0000000000000000000004 /* EquityRadarWidget.swift */ = {isa = PBXFileReference; lastKnownFileType = sourcecode.swift; path = EquityRadarWidget.swift; sourceTree = SOURCE_ROOT; };
		AA0000000000000000000005 /* Info.plist */ = {isa = PBXFileReference; lastKnownFileType = text.plist.xml; path = Info.plist; sourceTree = SOURCE_ROOT; };
		AA0000000000000000000006 /* EquityRadarWidget-Info.plist */ = {isa = PBXFileReference; lastKnownFileType = text.plist.xml; path = "EquityRadarWidget-Info.plist"; sourceTree = SOURCE_ROOT; };
		AA0000000000000000000007 /* EquityRadarLauncher.entitlements */ = {isa = PBXFileReference; lastKnownFileType = text.plist.entitlements; path = EquityRadarLauncher.entitlements; sourceTree = SOURCE_ROOT; };
		AA0000000000000000000008 /* EquityRadarWidget.entitlements */ = {isa = PBXFileReference; lastKnownFileType = text.plist.entitlements; path = EquityRadarWidget.entitlements; sourceTree = SOURCE_ROOT; };
		AA0000000000000000000009 /* equity-radar-control.zsh */ = {isa = PBXFileReference; lastKnownFileType = text.script.sh; path = "equity-radar-control.zsh"; sourceTree = SOURCE_ROOT; };
		AA000000000000000000000A /* EquityRadar.icns */ = {isa = PBXFileReference; lastKnownFileType = image.icns; path = Resources/EquityRadar.icns; sourceTree = SOURCE_ROOT; };
		AA0000000000000000000020 /* Equity Radar.app */ = {isa = PBXFileReference; explicitFileType = wrapper.application; includeInIndex = 0; path = "Equity Radar.app"; sourceTree = BUILT_PRODUCTS_DIR; };
		AA0000000000000000000021 /* EquityRadarWidgetExtension.appex */ = {isa = PBXFileReference; explicitFileType = "wrapper.app-extension"; includeInIndex = 0; path = EquityRadarWidgetExtension.appex; sourceTree = BUILT_PRODUCTS_DIR; };
/* End PBXFileReference section */

/* Begin PBXFrameworksBuildPhase section */
		AA0000000000000000000601 /* Frameworks */ = {isa = PBXFrameworksBuildPhase; buildActionMask = 2147483647; files = (); runOnlyForDeploymentPostprocessing = 0; };
		AA0000000000000000000602 /* Frameworks */ = {isa = PBXFrameworksBuildPhase; buildActionMask = 2147483647; files = (); runOnlyForDeploymentPostprocessing = 0; };
/* End PBXFrameworksBuildPhase section */

/* Begin PBXGroup section */
		AA0000000000000000000011 = {
			isa = PBXGroup;
			children = (
				AA0000000000000000000012 /* Sources */,
				AA0000000000000000000013 /* Configuration */,
				AA0000000000000000000014 /* Resources */,
				AA0000000000000000000015 /* Products */,
			);
			sourceTree = "<group>";
		};
		AA0000000000000000000012 /* Sources */ = {
			isa = PBXGroup;
			children = (
				AA0000000000000000000001 /* EquityRadarLauncher.swift */,
				AA0000000000000000000002 /* EquityRadarWidgetSupport.swift */,
				AA0000000000000000000003 /* EquityRadarWidgetIntents.swift */,
				AA0000000000000000000004 /* EquityRadarWidget.swift */,
			);
			name = Sources;
			sourceTree = "<group>";
		};
		AA0000000000000000000013 /* Configuration */ = {
			isa = PBXGroup;
			children = (
				AA0000000000000000000005 /* Info.plist */,
				AA0000000000000000000006 /* EquityRadarWidget-Info.plist */,
				AA0000000000000000000007 /* EquityRadarLauncher.entitlements */,
				AA0000000000000000000008 /* EquityRadarWidget.entitlements */,
			);
			name = Configuration;
			sourceTree = "<group>";
		};
		AA0000000000000000000014 /* Resources */ = {
			isa = PBXGroup;
			children = (
				AA0000000000000000000009 /* equity-radar-control.zsh */,
				AA000000000000000000000A /* EquityRadar.icns */,
			);
			name = Resources;
			sourceTree = "<group>";
		};
		AA0000000000000000000015 /* Products */ = {
			isa = PBXGroup;
			children = (
				AA0000000000000000000020 /* Equity Radar.app */,
				AA0000000000000000000021 /* EquityRadarWidgetExtension.appex */,
			);
			name = Products;
			sourceTree = "<group>";
		};
/* End PBXGroup section */

/* Begin PBXNativeTarget section */
		AA0000000000000000000030 /* EquityRadarLauncher */ = {
			isa = PBXNativeTarget;
			buildConfigurationList = AA0000000000000000000701 /* Build configuration list for PBXNativeTarget "EquityRadarLauncher" */;
			buildPhases = (
				AA0000000000000000000401 /* Sources */,
				AA0000000000000000000601 /* Frameworks */,
				AA0000000000000000000403 /* Resources */,
				AA0000000000000000000501 /* Embed App Extensions */,
			);
			buildRules = ();
			dependencies = (AA0000000000000000000202 /* PBXTargetDependency */, );
			name = EquityRadarLauncher;
			productName = EquityRadarLauncher;
			productReference = AA0000000000000000000020 /* Equity Radar.app */;
			productType = "com.apple.product-type.application";
		};
		AA0000000000000000000031 /* EquityRadarWidgetExtension */ = {
			isa = PBXNativeTarget;
			buildConfigurationList = AA0000000000000000000702 /* Build configuration list for PBXNativeTarget "EquityRadarWidgetExtension" */;
			buildPhases = (
				AA0000000000000000000402 /* Sources */,
				AA0000000000000000000602 /* Frameworks */,
			);
			buildRules = ();
			dependencies = ();
			name = EquityRadarWidgetExtension;
			productName = EquityRadarWidgetExtension;
			productReference = AA0000000000000000000021 /* EquityRadarWidgetExtension.appex */;
			productType = "com.apple.product-type.app-extension";
		};
/* End PBXNativeTarget section */

/* Begin PBXProject section */
		AA0000000000000000000040 /* Project object */ = {
			isa = PBXProject;
			attributes = {
				BuildIndependentTargetsInParallel = 1;
				LastSwiftUpdateCheck = 2640;
				LastUpgradeCheck = 2640;
				TargetAttributes = {
					AA0000000000000000000030 = {CreatedOnToolsVersion = 26.4; };
					AA0000000000000000000031 = {CreatedOnToolsVersion = 26.4; };
				};
			};
			buildConfigurationList = AA0000000000000000000700 /* Build configuration list for PBXProject "EquityRadarLauncher" */;
			compatibilityVersion = "Xcode 16.0";
			developmentRegion = es;
			hasScannedForEncodings = 0;
			knownRegions = (es, Base, );
			mainGroup = AA0000000000000000000011;
			productRefGroup = AA0000000000000000000015 /* Products */;
			projectDirPath = "";
			projectRoot = "";
			targets = (
				AA0000000000000000000030 /* EquityRadarLauncher */,
				AA0000000000000000000031 /* EquityRadarWidgetExtension */,
			);
		};
/* End PBXProject section */

/* Begin PBXResourcesBuildPhase section */
		AA0000000000000000000403 /* Resources */ = {
			isa = PBXResourcesBuildPhase;
			buildActionMask = 2147483647;
			files = (
				AA0000000000000000000107 /* equity-radar-control.zsh in Resources */,
				AA0000000000000000000108 /* EquityRadar.icns in Resources */,
			);
			runOnlyForDeploymentPostprocessing = 0;
		};
/* End PBXResourcesBuildPhase section */

/* Begin PBXSourcesBuildPhase section */
		AA0000000000000000000401 /* Sources */ = {
			isa = PBXSourcesBuildPhase;
			buildActionMask = 2147483647;
			files = (
				AA0000000000000000000101 /* EquityRadarLauncher.swift in Sources */,
				AA0000000000000000000102 /* EquityRadarWidgetSupport.swift in Sources */,
				AA0000000000000000000103 /* EquityRadarWidgetIntents.swift in Sources */,
			);
			runOnlyForDeploymentPostprocessing = 0;
		};
		AA0000000000000000000402 /* Sources */ = {
			isa = PBXSourcesBuildPhase;
			buildActionMask = 2147483647;
			files = (
				AA0000000000000000000104 /* EquityRadarWidget.swift in Sources */,
				AA0000000000000000000105 /* EquityRadarWidgetSupport.swift in Sources */,
				AA0000000000000000000106 /* EquityRadarWidgetIntents.swift in Sources */,
			);
			runOnlyForDeploymentPostprocessing = 0;
		};
/* End PBXSourcesBuildPhase section */

/* Begin PBXTargetDependency section */
		AA0000000000000000000202 /* PBXTargetDependency */ = {isa = PBXTargetDependency; target = AA0000000000000000000031 /* EquityRadarWidgetExtension */; targetProxy = AA0000000000000000000201 /* PBXContainerItemProxy */; };
/* End PBXTargetDependency section */

/* Begin XCBuildConfiguration section */
		AA0000000000000000000801 /* Debug */ = {isa = XCBuildConfiguration; buildSettings = {CLANG_ENABLE_MODULES = YES; MACOSX_DEPLOYMENT_TARGET = 26.0; SDKROOT = macosx; SWIFT_VERSION = 6.0; }; name = Debug; };
		AA0000000000000000000802 /* Release */ = {isa = XCBuildConfiguration; buildSettings = {CLANG_ENABLE_MODULES = YES; MACOSX_DEPLOYMENT_TARGET = 26.0; SDKROOT = macosx; SWIFT_COMPILATION_MODE = wholemodule; SWIFT_OPTIMIZATION_LEVEL = "-O"; SWIFT_VERSION = 6.0; }; name = Release; };
		AA0000000000000000000811 /* Debug */ = {
			isa = XCBuildConfiguration;
			buildSettings = {
				ARCHS = arm64;
				CODE_SIGN_ENTITLEMENTS = EquityRadarLauncher.entitlements;
				CODE_SIGN_IDENTITY = "Apple Development";
				CODE_SIGN_STYLE = Manual;
				COMBINE_HIDPI_IMAGES = YES;
				DEVELOPMENT_TEAM = 3Z35427AND;
				ENABLE_HARDENED_RUNTIME = NO;
				GENERATE_INFOPLIST_FILE = NO;
				INFOPLIST_FILE = Info.plist;
				PRODUCT_BUNDLE_IDENTIFIER = com.rgferreira.EquityRadarLauncher;
				EXECUTABLE_NAME = EquityRadar;
				PRODUCT_NAME = "Equity Radar";
			};
			name = Debug;
		};
		AA0000000000000000000812 /* Release */ = {
			isa = XCBuildConfiguration;
			buildSettings = {
				ARCHS = arm64;
				CODE_SIGN_ENTITLEMENTS = EquityRadarLauncher.entitlements;
				CODE_SIGN_IDENTITY = "Apple Development";
				CODE_SIGN_STYLE = Manual;
				COMBINE_HIDPI_IMAGES = YES;
				DEVELOPMENT_TEAM = 3Z35427AND;
				ENABLE_HARDENED_RUNTIME = NO;
				GENERATE_INFOPLIST_FILE = NO;
				INFOPLIST_FILE = Info.plist;
				PRODUCT_BUNDLE_IDENTIFIER = com.rgferreira.EquityRadarLauncher;
				EXECUTABLE_NAME = EquityRadar;
				PRODUCT_NAME = "Equity Radar";
			};
			name = Release;
		};
		AA0000000000000000000821 /* Debug */ = {
			isa = XCBuildConfiguration;
			buildSettings = {
				APPLICATION_EXTENSION_API_ONLY = YES;
				ARCHS = arm64;
				CODE_SIGN_ENTITLEMENTS = EquityRadarWidget.entitlements;
				CODE_SIGN_IDENTITY = "Apple Development";
				CODE_SIGN_STYLE = Manual;
				DEVELOPMENT_TEAM = 3Z35427AND;
				ENABLE_APP_SANDBOX = YES;
				GENERATE_INFOPLIST_FILE = NO;
				INFOPLIST_FILE = "EquityRadarWidget-Info.plist";
				PRODUCT_BUNDLE_IDENTIFIER = com.rgferreira.EquityRadarLauncher.Widget;
				PRODUCT_NAME = "$(TARGET_NAME)";
				SKIP_INSTALL = YES;
			};
			name = Debug;
		};
		AA0000000000000000000822 /* Release */ = {
			isa = XCBuildConfiguration;
			buildSettings = {
				APPLICATION_EXTENSION_API_ONLY = YES;
				ARCHS = arm64;
				CODE_SIGN_ENTITLEMENTS = EquityRadarWidget.entitlements;
				CODE_SIGN_IDENTITY = "Apple Development";
				CODE_SIGN_STYLE = Manual;
				DEVELOPMENT_TEAM = 3Z35427AND;
				ENABLE_APP_SANDBOX = YES;
				GENERATE_INFOPLIST_FILE = NO;
				INFOPLIST_FILE = "EquityRadarWidget-Info.plist";
				PRODUCT_BUNDLE_IDENTIFIER = com.rgferreira.EquityRadarLauncher.Widget;
				PRODUCT_NAME = "$(TARGET_NAME)";
				SKIP_INSTALL = YES;
			};
			name = Release;
		};
/* End XCBuildConfiguration section */

/* Begin XCConfigurationList section */
		AA0000000000000000000700 /* Build configuration list for PBXProject "EquityRadarLauncher" */ = {isa = XCConfigurationList; buildConfigurations = (AA0000000000000000000801 /* Debug */, AA0000000000000000000802 /* Release */, ); defaultConfigurationIsVisible = 0; defaultConfigurationName = Release; };
		AA0000000000000000000701 /* Build configuration list for PBXNativeTarget "EquityRadarLauncher" */ = {isa = XCConfigurationList; buildConfigurations = (AA0000000000000000000811 /* Debug */, AA0000000000000000000812 /* Release */, ); defaultConfigurationIsVisible = 0; defaultConfigurationName = Release; };
		AA0000000000000000000702 /* Build configuration list for PBXNativeTarget "EquityRadarWidgetExtension" */ = {isa = XCConfigurationList; buildConfigurations = (AA0000000000000000000821 /* Debug */, AA0000000000000000000822 /* Release */, ); defaultConfigurationIsVisible = 0; defaultConfigurationName = Release; };
/* End XCConfigurationList section */
	};
	rootObject = AA0000000000000000000040 /* Project object */;
}
